
Microsoft Visual Studio Solution File, Format Version 12.00
# Visual Studio Version 16
VisualStudioVersion = 16.0.31019.35
MinimumVisualStudioVersion = 10.0.40219.1
Project("{2150E333-8FDC-42A3-9474-1A3956D46DE8}") = "01.Clients", "01.Clients", "{0FB458AD-885D-4AEC-A7F6-0F1F903DAD66}"
EndProject
Project("{2150E333-8FDC-42A3-9474-1A3956D46DE8}") = "02.Models", "02.Models", "{470499B1-8B28-47AB-8B1D-D10861C48593}"
EndProject
Project("{9A19103F-16F7-4668-BE54-9A1E7A4F7556}") = "ConsoleClient", "src\ConsoleClient\ConsoleClient.csproj", "{C0AC7D1A-82D6-4EF1-9806-38D7FE93DD33}"
EndProject
Project("{9A19103F-16F7-4668-BE54-9A1E7A4F7556}") = "Models", "src\Models\Models.csproj", "{0CD98AA6-DAD6-40E1-A7D5-8F1E29049C0B}"
EndProject
Project("{2150E333-8FDC-42A3-9474-1A3956D46DE8}") = "03.Services", "03.Services", "{378C8A09-8DDE-4EEA-AFD2-E1F4FB3159D1}"
EndProject
Project("{9A19103F-16F7-4668-BE54-9A1E7A4F7556}") = "Services", "src\Services\Services.csproj", "{B7678226-A7AC-43CD-98F1-06AD7D997D3F}"
EndProject
Project("{2150E333-8FDC-42A3-9474-1A3956D46DE8}") = "06.Common", "06.Common", "{DF7399F0-1771-45E1-9655-36BC29695D66}"
EndProject
Project("{9A19103F-16F7-4668-BE54-9A1E7A4F7556}") = "Common", "src\Common\Common.csproj", "{9C625D4C-713D-4067-9345-7E547FEC501B}"
EndProject
Project("{2150E333-8FDC-42A3-9474-1A3956D46DE8}") = "04.UnitOfWork", "04.UnitOfWork", "{468151EB-8A6B-4148-BC40-97F21F7B72B7}"
EndProject
Project("{2150E333-8FDC-42A3-9474-1A3956D46DE8}") = "05.Repository", "05.Repository", "{49293C74-7341-424B-BA32-1A784B74C019}"
EndProject
Project("{9A19103F-16F7-4668-BE54-9A1E7A4F7556}") = "UnitOfWork.Interfaces", "src\UnitOfWork.Interfaces\UnitOfWork.Interfaces.csproj", "{F8593D04-20C1-4234-A32D-2203D60CF11B}"
EndProject
Project("{9A19103F-16F7-4668-BE54-9A1E7A4F7556}") = "UnitOfWork.SqlServer", "src\UnitOfWork.SqlServer\UnitOfWork.SqlServer.csproj", "{B704CE41-805C-4640-81CD-5FE06AB898BE}"
EndProject
Project("{9A19103F-16F7-4668-BE54-9A1E7A4F7556}") = "Repository.Interfaces", "src\Repository.Interfaces\Repository.Interfaces.csproj", "{231D265E-54D6-4816-86F6-95F83FFA5AF7}"
EndProject
Project("{9A19103F-16F7-4668-BE54-9A1E7A4F7556}") = "Repository.SqlServer", "src\Repository.SqlServer\Repository.SqlServer.csproj", "{3E83E49C-0B0F-46B9-BB9F-0CD72CA341DC}"
EndProject
Project("{FAE04EC0-301F-11D3-BF4B-00C04F79EFBC}") = "AspNetClient", "src\AspNetClient\AspNetClient.csproj", "{C8631867-F6CA-4CDE-8E21-2C52DE9B869E}"
EndProject
Global
	GlobalSection(SolutionConfigurationPlatforms) = preSolution
		Debug|Any CPU = Debug|Any CPU
		Release|Any CPU = Release|Any CPU
	EndGlobalSection
	GlobalSection(ProjectConfigurationPlatforms) = postSolution
		{C0AC7D1A-82D6-4EF1-9806-38D7FE93DD33}.Debug|Any CPU.ActiveCfg = Debug|Any CPU
		{C0AC7D1A-82D6-4EF1-9806-38D7FE93DD33}.Debug|Any CPU.Build.0 = Debug|Any CPU
		{C0AC7D1A-82D6-4EF1-9806-38D7FE93DD33}.Release|Any CPU.ActiveCfg = Release|Any CPU
		{C0AC7D1A-82D6-4EF1-9806-38D7FE93DD33}.Release|Any CPU.Build.0 = Release|Any CPU
		{0CD98AA6-DAD6-40E1-A7D5-8F1E29049C0B}.Debug|Any CPU.ActiveCfg = Debug|Any CPU
		{0CD98AA6-DAD6-40E1-A7D5-8F1E29049C0B}.Debug|Any CPU.Build.0 = Debug|Any CPU
		{0CD98AA6-DAD6-40E1-A7D5-8F1E29049C0B}.Release|Any CPU.ActiveCfg = Release|Any CPU
		{0CD98AA6-DAD6-40E1-A7D5-8F1E29049C0B}.Release|Any CPU.Build.0 = Release|Any CPU
		{B7678226-A7AC-43CD-98F1-06AD7D997D3F}.Debug|Any CPU.ActiveCfg = Debug|Any CPU
		{B7678226-A7AC-43CD-98F1-06AD7D997D3F}.Debug|Any CPU.Build.0 = Debug|Any CPU
		{B7678226-A7AC-43CD-98F1-06AD7D997D3F}.Release|Any CPU.ActiveCfg = Release|Any CPU
		{B7678226-A7AC-43CD-98F1-06AD7D997D3F}.Release|Any CPU.Build.0 = Release|Any CPU
		{9C625D4C-713D-4067-9345-7E547FEC501B}.Debug|Any CPU.ActiveCfg = Debug|Any CPU
		{9C625D4C-713D-4067-9345-7E547FEC501B}.Debug|Any CPU.Build.0 = Debug|Any CPU
		{9C625D4C-713D-4067-9345-7E547FEC501B}.Release|Any CPU.ActiveCfg = Release|Any CPU
		{9C625D4C-713D-4067-9345-7E547FEC501B}.Release|Any CPU.Build.0 = Release|Any CPU
		{F8593D04-20C1-4234-A32D-2203D60CF11B}.Debug|Any CPU.ActiveCfg = Debug|Any CPU
		{F8593D04-20C1-4234-A32D-2203D60CF11B}.Debug|Any CPU.Build.0 = Debug|Any CPU
		{F8593D04-20C1-4234-A32D-2203D60CF11B}.Release|Any CPU.ActiveCfg = Release|Any CPU
		{F8593D04-20C1-4234-A32D-2203D60CF11B}.Release|Any CPU.Build.0 = Release|Any CPU
		{B704CE41-805C-4640-81CD-5FE06AB898BE}.Debug|Any CPU.ActiveCfg = Debug|Any CPU
		{B704CE41-805C-4640-81CD-5FE06AB898BE}.Debug|Any CPU.Build.0 = Debug|Any CPU
		{B704CE41-805C-4640-81CD-5FE06AB898BE}.Release|Any CPU.ActiveCfg = Release|Any CPU
		{B704CE41-805C-4640-81CD-5FE06AB898BE}.Release|Any CPU.Build.0 = Release|Any CPU
		{231D265E-54D6-4816-86F6-95F83FFA5AF7}.Debug|Any CPU.ActiveCfg = Debug|Any CPU
		{231D265E-54D6-4816-86F6-95F83FFA5AF7}.Debug|Any CPU.Build.0 = Debug|Any CPU
		{231D265E-54D6-4816-86F6-95F83FFA5AF7}.Release|Any CPU.ActiveCfg = Release|Any CPU
		{231D265E-54D6-4816-86F6-95F83FFA5AF7}.Release|Any CPU.Build.0 = Release|Any CPU
		{3E83E49C-0B0F-46B9-BB9F-0CD72CA341DC}.Debug|Any CPU.ActiveCfg = Debug|Any CPU
		{3E83E49C-0B0F-46B9-BB9F-0CD72CA341DC}.Debug|Any CPU.Build.0 = Debug|Any CPU
		{3E83E49C-0B0F-46B9-BB9F-0CD72CA341DC}.Release|Any CPU.ActiveCfg = Release|Any CPU
		{3E83E49C-0B0F-46B9-BB9F-0CD72CA341DC}.Release|Any CPU.Build.0 = Release|Any CPU
		{C8631867-F6CA-4CDE-8E21-2C52DE9B869E}.Debug|Any CPU.ActiveCfg = Debug|Any CPU
		{C8631867-F6CA-4CDE-8E21-2C52DE9B869E}.Debug|Any CPU.Build.0 = Debug|Any CPU
		{C8631867-F6CA-4CDE-8E21-2C52DE9B869E}.Release|Any CPU.ActiveCfg = Release|Any CPU
		{C8631867-F6CA-4CDE-8E21-2C52DE9B869E}.Release|Any CPU.Build.0 = Release|Any CPU
	EndGlobalSection
	GlobalSection(SolutionProperties) = preSolution
		HideSolutionNode = FALSE
	EndGlobalSection
	GlobalSection(NestedProjects) = preSolution
		{C0AC7D1A-82D6-4EF1-9806-38D7FE93DD33} = {0FB458AD-885D-4AEC-A7F6-0F1F903DAD66}
		{0CD98AA6-DAD6-40E1-A7D5-8F1E29049C0B} = {470499B1-8B28-47AB-8B1D-D10861C48593}
		{B7678226-A7AC-43CD-98F1-06AD7D997D3F} = {378C8A09-8DDE-4EEA-AFD2-E1F4FB3159D1}
		{9C625D4C-713D-4067-9345-7E547FEC501B} = {DF7399F0-1771-45E1-9655-36BC29695D66}
		{F8593D04-20C1-4234-A32D-2203D60CF11B} = {468151EB-8A6B-4148-BC40-97F21F7B72B7}
		{B704CE41-805C-4640-81CD-5FE06AB898BE} = {468151EB-8A6B-4148-BC40-97F21F7B72B7}
		{231D265E-54D6-4816-86F6-95F83FFA5AF7} = {49293C74-7341-424B-BA32-1A784B74C019}
		{3E83E49C-0B0F-46B9-BB9F-0CD72CA341DC} = {49293C74-7341-424B-BA32-1A784B74C019}
		{C8631867-F6CA-4CDE-8E21-2C52DE9B869E} = {0FB458AD-885D-4AEC-A7F6-0F1F903DAD66}
	EndGlobalSection
	GlobalSection(ExtensibilityGlobals) = postSolution
		SolutionGuid = {5EF73478-2F44-4550-91DE-21B36460023C}
	EndGlobalSection
EndGlobal
